
Microsoft Visual Studio Solution File, Format Version 12.00
Project("{FAE04EC0-301F-11D3-BF4B-00C04F79EFBC}") = "Mpesa", "Mpesa\Mpesa.csproj", "{7B7F10F2-388B-4270-A23A-40191B30A2A6}"
EndProject
Project("{2150E333-8FDC-42A3-9474-1A3956D46DE8}") = "Mpesa System", "Mpesa System", "{2AF42443-1773-46D6-BF3D-AB4E28DC74FB}"
EndProject
Global
	GlobalSection(SolutionConfigurationPlatforms) = preSolution
		Debug|Any CPU = Debug|Any CPU
		Release|Any CPU = Release|Any CPU
	EndGlobalSection
	GlobalSection(ProjectConfigurationPlatforms) = postSolution
		{7B7F10F2-388B-4270-A23A-40191B30A2A6}.Debug|Any CPU.ActiveCfg = Debug|Any CPU
		{7B7F10F2-388B-4270-A23A-40191B30A2A6}.Debug|Any CPU.Build.0 = Debug|Any CPU
		{7B7F10F2-388B-4270-A23A-40191B30A2A6}.Release|Any CPU.ActiveCfg = Release|Any CPU
		{7B7F10F2-388B-4270-A23A-40191B30A2A6}.Release|Any CPU.Build.0 = Release|Any CPU
	EndGlobalSection
	GlobalSection(NestedProjects) = preSolution
		{7B7F10F2-388B-4270-A23A-40191B30A2A6} = {2AF42443-1773-46D6-BF3D-AB4E28DC74FB}
	EndGlobalSection
EndGlobal
